
Microsoft Visual Studio Solution File, Format Version 12.00
# Visual Studio Version 17
VisualStudioVersion = 17.7.34009.444
MinimumVisualStudioVersion = 10.0.40219.1
Project("{9A19103F-16F7-4668-BE54-9A1E7A4F7556}") = "NewLab1_MinimalAPI", "NewLab1_MinimalAPI\NewLab1_MinimalAPI.csproj", "{6873FDB9-E9AA-43B4-A402-93D2BEA6C7C7}"
EndProject
Project("{FAE04EC0-301F-11D3-BF4B-00C04F79EFBC}") = "Web-Book", "Web-Book\Web-Book.csproj", "{904C5A77-9438-418D-A401-93433868C11D}"
EndProject
Global
	GlobalSection(SolutionConfigurationPlatforms) = preSolution
		Debug|Any CPU = Debug|Any CPU
		Release|Any CPU = Release|Any CPU
	EndGlobalSection
	GlobalSection(ProjectConfigurationPlatforms) = postSolution
		{6873FDB9-E9AA-43B4-A402-93D2BEA6C7C7}.Debug|Any CPU.ActiveCfg = Debug|Any CPU
		{6873FDB9-E9AA-43B4-A402-93D2BEA6C7C7}.Debug|Any CPU.Build.0 = Debug|Any CPU
		{6873FDB9-E9AA-43B4-A402-93D2BEA6C7C7}.Release|Any CPU.ActiveCfg = Release|Any CPU
		{6873FDB9-E9AA-43B4-A402-93D2BEA6C7C7}.Release|Any CPU.Build.0 = Release|Any CPU
		{904C5A77-9438-418D-A401-93433868C11D}.Debug|Any CPU.ActiveCfg = Debug|Any CPU
		{904C5A77-9438-418D-A401-93433868C11D}.Debug|Any CPU.Build.0 = Debug|Any CPU
		{904C5A77-9438-418D-A401-93433868C11D}.Release|Any CPU.ActiveCfg = Release|Any CPU
		{904C5A77-9438-418D-A401-93433868C11D}.Release|Any CPU.Build.0 = Release|Any CPU
	EndGlobalSection
	GlobalSection(SolutionProperties) = preSolution
		HideSolutionNode = FALSE
	EndGlobalSection
	GlobalSection(ExtensibilityGlobals) = postSolution
		SolutionGuid = {2BDFBA76-FAAC-487C-BCB3-748F52E4733E}
	EndGlobalSection
EndGlobal
